// !$*UTF8*$!
{
	archiveVersion = 1;
	classes = {
	};
	objectVersion = 46;
	objects = {

/* Begin PBXBuildFile section */
		5BAD023C1CDB99220087F6D8 /* main.m in Sources */ = {isa = PBXBuildFile; fileRef = 5BAD023B1CDB99220087F6D8 /* main.m */; };
		5BAD02441CDB993E0087F6D8 /* Doctor.m in Sources */ = {isa = PBXBuildFile; fileRef = 5BAD02431CDB993E0087F6D8 /* Doctor.m */; };
		5BAD02471CDB994B0087F6D8 /* Patient.m in Sources */ = {isa = PBXBuildFile; fileRef = 5BAD02461CDB994B0087F6D8 /* Patient.m */; };
/* End PBXBuildFile section */

/* Begin PBXCopyFilesBuildPhase section */
		5BAD02361CDB99220087F6D8 /* CopyFiles */ = {
			isa = PBXCopyFilesBuildPhase;
			buildActionMask = 2147483647;
			dstPath = /usr/share/man/man1/;
			dstSubfolderSpec = 0;
			files = (
			);
			runOnlyForDeploymentPostprocessing = 1;
		};
/* End PBXCopyFilesBuildPhase section */

/* Begin PBXFileReference section */
		5BAD02381CDB99220087F6D8 /* Patient and Doctor */ = {isa = PBXFileReference; explicitFileType = "compiled.mach-o.executable"; includeInIndex = 0; path = "Patient and Doctor"; sourceTree = BUILT_PRODUCTS_DIR; };
		5BAD023B1CDB99220087F6D8 /* main.m */ = {isa = PBXFileReference; lastKnownFileType = sourcecode.c.objc; path = main.m; sourceTree = "<group>"; };
		5BAD02421CDB993E0087F6D8 /* Doctor.h */ = {isa = PBXFileReference; fileEncoding = 4; lastKnownFileType = sourcecode.c.h; path = Doctor.h; sourceTree = "<group>"; };
		5BAD02431CDB993E0087F6D8 /* Doctor.m */ = {isa = PBXFileReference; fileEncoding = 4; lastKnownFileType = sourcecode.c.objc; path = Doctor.m; sourceTree = "<group>"; };
		5BAD02451CDB994B0087F6D8 /* Patient.h */ = {isa = PBXFileReference; fileEncoding = 4; lastKnownFileType = sourcecode.c.h; path = Patient.h; sourceTree = "<group>"; };
		5BAD02461CDB994B0087F6D8 /* Patient.m */ = {isa = PBXFileReference; fileEncoding = 4; lastKnownFileType = sourcecode.c.objc; path = Patient.m; sourceTree = "<group>"; };
/* End PBXFileReference section */

/* Begin PBXFrameworksBuildPhase section */
		5BAD02351CDB99220087F6D8 /* Frameworks */ = {
			isa = PBXFrameworksBuildPhase;
			buildActionMask = 2147483647;
			files = (
			);
			runOnlyForDeploymentPostprocessing = 0;
		};
/* End PBXFrameworksBuildPhase section */

/* Begin PBXGroup section */
		5BAD022F1CDB99220087F6D8 = {
			isa = PBXGroup;
			children = (
				5BAD023A1CDB99220087F6D8 /* Patient and Doctor */,
				5BAD02391CDB99220087F6D8 /* Products */,
			);
			sourceTree = "<group>";
		};
		5BAD02391CDB99220087F6D8 /* Products */ = {
			isa = PBXGroup;
			children = (
				5BAD02381CDB99220087F6D8 /* Patient and Doctor */,
			);
			name = Products;
			sourceTree = "<group>";
		};
		5BAD023A1CDB99220087F6D8 /* Patient and Doctor */ = {
			isa = PBXGroup;
			children = (
				5BAD023B1CDB99220087F6D8 /* main.m */,
				5BAD02421CDB993E0087F6D8 /* Doctor.h */,
				5BAD02431CDB993E0087F6D8 /* Doctor.m */,
				5BAD02451CDB994B0087F6D8 /* Patient.h */,
				5BAD02461CDB994B0087F6D8 /* Patient.m */,
			);
			path = "Patient and Doctor";
			sourceTree = "<group>";
		};
/* End PBXGroup section */

/* Begin PBXNativeTarget section */
		5BAD02371CDB99220087F6D8 /* Patient and Doctor */ = {
			isa = PBXNativeTarget;
			buildConfigurationList = 5BAD023F1CDB99220087F6D8 /* Build configuration list for PBXNativeTarget "Patient and Doctor" */;
			buildPhases = (
				5BAD02341CDB99220087F6D8 /* Sources */,
				5BAD02351CDB99220087F6D8 /* Frameworks */,
				5BAD02361CDB99220087F6D8 /* CopyFiles */,
			);
			buildRules = (
			);
			dependencies = (
			);
			name = "Patient and Doctor";
			productName = "Patient and Doctor";
			productReference = 5BAD02381CDB99220087F6D8 /* Patient and Doctor */;
			productType = "com.apple.product-type.tool";
		};
/* End PBXNativeTarget section */

/* Begin PBXProject section */
		5BAD02301CDB99220087F6D8 /* Project object */ = {
			isa = PBXProject;
			attributes = {
				LastUpgradeCheck = 0730;
				ORGANIZATIONNAME = "Rosalyn Kingsmill";
				TargetAttributes = {
					5BAD02371CDB99220087F6D8 = {
						CreatedOnToolsVersion = 7.3;
					};
				};
			};
			buildConfigurationList = 5BAD02331CDB99220087F6D8 /* Build configuration list for PBXProject "Patient and Doctor" */;
			compatibilityVersion = "Xcode 3.2";
			developmentRegion = English;
			hasScannedForEncodings = 0;
			knownRegions = (
				en,
			);
			mainGroup = 5BAD022F1CDB99220087F6D8;
			productRefGroup = 5BAD02391CDB99220087F6D8 /* Products */;
			projectDirPath = "";
			projectRoot = "";
			targets = (
				5BAD02371CDB99220087F6D8 /* Patient and Doctor */,
			);
		};
/* End PBXProject section */

/* Begin PBXSourcesBuildPhase section */
		5BAD02341CDB99220087F6D8 /* Sources */ = {
			isa = PBXSourcesBuildPhase;
			buildActionMask = 2147483647;
			files = (
				5BAD02471CDB994B0087F6D8 /* Patient.m in Sources */,
				5BAD02441CDB993E0087F6D8 /* Doctor.m in Sources */,
				5BAD023C1CDB99220087F6D8 /* main.m in Sources */,
			);
			runOnlyForDeploymentPostprocessing = 0;
		};
/* End PBXSourcesBuildPhase section */

/* Begin XCBuildConfiguration section */
		5BAD023D1CDB99220087F6D8 /* Debug */ = {
			isa = XCBuildConfiguration;
			buildSettings = {
				ALWAYS_SEARCH_USER_PATHS = NO;
				CLANG_ANALYZER_NONNULL = YES;
				CLANG_CXX_LANGUAGE_STANDARD = "gnu++0x";
				CLANG_CXX_LIBRARY = "libc++";
				CLANG_ENABLE_MODULES = YES;
				CLANG_ENABLE_OBJC_ARC = YES;
				CLANG_WARN_BOOL_CONVERSION = YES;
				CLANG_WARN_CONSTANT_CONVERSION = YES;
				CLANG_WARN_DIRECT_OBJC_ISA_USAGE = YES_ERROR;
				CLANG_WARN_EMPTY_BODY = YES;
				CLANG_WARN_ENUM_CONVERSION = YES;
				CLANG_WARN_INT_CONVERSION = YES;
				CLANG_WARN_OBJC_ROOT_CLASS = YES_ERROR;
				CLANG_WARN_UNREACHABLE_CODE = YES;
				CLANG_WARN__DUPLICATE_METHOD_MATCH = YES;
				CODE_SIGN_IDENTITY = "-";
				COPY_PHASE_STRIP = NO;
				DEBUG_INFORMATION_FORMAT = dwarf;
				ENABLE_STRICT_OBJC_MSGSEND = YES;
				ENABLE_TESTABILITY = YES;
				GCC_C_LANGUAGE_STANDARD = gnu99;
				GCC_DYNAMIC_NO_PIC = NO;
				GCC_NO_COMMON_BLOCKS = YES;
				GCC_OPTIMIZATION_LEVEL = 0;
				GCC_PREPROCESSOR_DEFINITIONS = (
					"DEBUG=1",
					"$(inherited)",
				);
				GCC_WARN_64_TO_32_BIT_CONVERSION = YES;
				GCC_WARN_ABOUT_RETURN_TYPE = YES_ERROR;
				GCC_WARN_UNDECLARED_SELECTOR = YES;
				GCC_WARN_UNINITIALIZED_AUTOS = YES_AGGRESSIVE;
				GCC_WARN_UNUSED_FUNCTION = YES;
				GCC_WARN_UNUSED_VARIABLE = YES;
				MACOSX_DEPLOYMENT_TARGET = 10.11;
				MTL_ENABLE_DEBUG_INFO = YES;
				ONLY_ACTIVE_ARCH = YES;
				SDKROOT = macosx;
			};
			name = Debug;
		};
		5BAD023E1CDB99220087F6D8 /* Release */ = {
			isa = XCBuildConfiguration;
			buildSettings = {
				ALWAYS_SEARCH_USER_PATHS = NO;
				CLANG_ANALYZER_NONNULL = YES;
				CLANG_CXX_LANGUAGE_STANDARD = "gnu++0x";
				CLANG_CXX_LIBRARY = "libc++";
				CLANG_ENABLE_MODULES = YES;
				CLANG_ENABLE_OBJC_ARC = YES;
				CLANG_WARN_BOOL_CONVERSION = YES;
				CLANG_WARN_CONSTANT_CONVERSION = YES;
				CLANG_WARN_DIRECT_OBJC_ISA_USAGE = YES_ERROR;
				CLANG_WARN_EMPTY_BODY = YES;
				CLANG_WARN_ENUM_CONVERSION = YES;
				CLANG_WARN_INT_CONVERSION = YES;
				CLANG_WARN_OBJC_ROOT_CLASS = YES_ERROR;
				CLANG_WARN_UNREACHABLE_CODE = YES;
				CLANG_WARN__DUPLICATE_METHOD_MATCH = YES;
				CODE_SIGN_IDENTITY = "-";
				COPY_PHASE_STRIP = NO;
				DEBUG_INFORMATION_FORMAT = "dwarf-with-dsym";
				ENABLE_NS_ASSERTIONS = NO;
				ENABLE_STRICT_OBJC_MSGSEND = YES;
				GCC_C_LANGUAGE_STANDARD = gnu99;
				GCC_NO_COMMON_BLOCKS = YES;
				GCC_WARN_64_TO_32_BIT_CONVERSION = YES;
				GCC_WARN_ABOUT_RETURN_TYPE = YES_ERROR;
				GCC_WARN_UNDECLARED_SELECTOR = YES;
				GCC_WARN_UNINITIALIZED_AUTOS = YES_AGGRESSIVE;
				GCC_WARN_UNUSED_FUNCTION = YES;
				GCC_WARN_UNUSED_VARIABLE = YES;
				MACOSX_DEPLOYMENT_TARGET = 10.11;
				MTL_ENABLE_DEBUG_INFO = NO;
				SDKROOT = macosx;
			};
			name = Release;
		};
		5BAD02401CDB99220087F6D8 /* Debug */ = {
			isa = XCBuildConfiguration;
			buildSettings = {
				PRODUCT_NAME = "$(TARGET_NAME)";
			};
			name = Debug;
		};
		5BAD02411CDB99220087F6D8 /* Release */ = {
			isa = XCBuildConfiguration;
			buildSettings = {
				PRODUCT_NAME = "$(TARGET_NAME)";
			};
			name = Release;
		};
/* End XCBuildConfiguration section */

/* Begin XCConfigurationList section */
		5BAD02331CDB99220087F6D8 /* Build configuration list for PBXProject "Patient and Doctor" */ = {
			isa = XCConfigurationList;
			buildConfigurations = (
				5BAD023D1CDB99220087F6D8 /* Debug */,
				5BAD023E1CDB99220087F6D8 /* Release */,
			);
			defaultConfigurationIsVisible = 0;
			defaultConfigurationName = Release;
		};
		5BAD023F1CDB99220087F6D8 /* Build configuration list for PBXNativeTarget "Patient and Doctor" */ = {
			isa = XCConfigurationList;
			buildConfigurations = (
				5BAD02401CDB99220087F6D8 /* Debug */,
				5BAD02411CDB99220087F6D8 /* Release */,
			);
			defaultConfigurationIsVisible = 0;
		};
/* End XCConfigurationList section */
	};
	rootObject = 5BAD02301CDB99220087F6D8 /* Project object */;
}
